
Microsoft Visual Studio Solution File, Format Version 12.00
# Visual Studio 2013
VisualStudioVersion = 12.0.31101.0
MinimumVisualStudioVersion = 10.0.40219.1
Project("{FAE04EC0-301F-11D3-BF4B-00C04F79EFBC}") = "Angular2TemplateApp", "Angular2TemplateApp.csproj", "{73EB78C8-D581-4118-857B-DA14BB6F8497}"
EndProject
Global
	GlobalSection(SolutionConfigurationPlatforms) = preSolution
		Debug|Any CPU = Debug|Any CPU
		Release|Any CPU = Release|Any CPU
	EndGlobalSection
	GlobalSection(ProjectConfigurationPlatforms) = postSolution
		{73EB78C8-D581-4118-857B-DA14BB6F8497}.Debug|Any CPU.ActiveCfg = Debug|Any CPU
		{73EB78C8-D581-4118-857B-DA14BB6F8497}.Debug|Any CPU.Build.0 = Debug|Any CPU
		{73EB78C8-D581-4118-857B-DA14BB6F8497}.Release|Any CPU.ActiveCfg = Release|Any CPU
		{73EB78C8-D581-4118-857B-DA14BB6F8497}.Release|Any CPU.Build.0 = Release|Any CPU
	EndGlobalSection
	GlobalSection(SolutionProperties) = preSolution
		HideSolutionNode = FALSE
	EndGlobalSection
EndGlobal
